
Microsoft Visual Studio Solution File, Format Version 12.00
# Visual Studio 15
VisualStudioVersion = 15.0.28010.2048
MinimumVisualStudioVersion = 10.0.40219.1
Project("{FAE04EC0-301F-11D3-BF4B-00C04F79EFBC}") = "RecursiveAlgorithmExercises301018", "RecursiveAlgorithmExercises301018\RecursiveAlgorithmExercises301018.csproj", "{9B988BB3-2E29-4F6D-B099-707E3BAD6BAC}"
EndProject
Global
	GlobalSection(SolutionConfigurationPlatforms) = preSolution
		Debug|Any CPU = Debug|Any CPU
		Release|Any CPU = Release|Any CPU
	EndGlobalSection
	GlobalSection(ProjectConfigurationPlatforms) = postSolution
		{9B988BB3-2E29-4F6D-B099-707E3BAD6BAC}.Debug|Any CPU.ActiveCfg = Debug|Any CPU
		{9B988BB3-2E29-4F6D-B099-707E3BAD6BAC}.Debug|Any CPU.Build.0 = Debug|Any CPU
		{9B988BB3-2E29-4F6D-B099-707E3BAD6BAC}.Release|Any CPU.ActiveCfg = Release|Any CPU
		{9B988BB3-2E29-4F6D-B099-707E3BAD6BAC}.Release|Any CPU.Build.0 = Release|Any CPU
	EndGlobalSection
	GlobalSection(SolutionProperties) = preSolution
		HideSolutionNode = FALSE
	EndGlobalSection
	GlobalSection(ExtensibilityGlobals) = postSolution
		SolutionGuid = {B558BF71-ECAD-4D18-96C0-245FEB8F2870}
	EndGlobalSection
EndGlobal
